{
  "version": 4,
  "terraform_version": "1.5.0",
  "serial": 5,
  "lineage": "29df6290-9b3f-bcfa-5ce1-6b85862a2aa1",
  "outputs": {
    "artifact_registry": {
      "value": {
        "internal": {
          "artifact_registry_list": {
            "create_time": "2023-07-04T13:34:19.721723Z",
            "description": "modules-internal repository",
            "docker_config": [],
            "format": "DOCKER",
            "id": "projects/smart-tractor-389208/locations/europe/repositories/modules-internal",
            "kms_key_name": "",
            "labels": {
              "module": "cap-operator",
              "name": "modules-internal",
              "owner": "neighbors",
              "type": "development"
            },
            "location": "europe",
            "maven_config": [],
            "mode": "STANDARD_REPOSITORY",
            "name": "modules-internal",
            "project": "smart-tractor-389208",
            "remote_repository_config": [],
            "repository_id": "modules-internal",
            "timeouts": null,
            "update_time": "2023-07-04T13:34:19.721723Z",
            "virtual_repository_config": []
          }
        },
        "ocim": {
          "artifact_registry_list": {
            "create_time": "2023-07-04T13:34:18.022270Z",
            "description": "modules-ocim repository",
            "docker_config": [],
            "format": "DOCKER",
            "id": "projects/smart-tractor-389208/locations/europe/repositories/modules-ocim",
            "kms_key_name": "",
            "labels": {
              "module": "cap-operator",
              "name": "modules-ocim",
              "owner": "neighbors",
              "type": "development"
            },
            "location": "europe",
            "maven_config": [],
            "mode": "STANDARD_REPOSITORY",
            "name": "modules-ocim",
            "project": "smart-tractor-389208",
            "remote_repository_config": [],
            "repository_id": "modules-ocim",
            "timeouts": null,
            "update_time": "2023-07-04T13:34:18.022270Z",
            "virtual_repository_config": []
          }
        }
      },
      "type": [
        "object",
        {
          "internal": [
            "object",
            {
              "artifact_registry_list": [
                "object",
                {
                  "create_time": "string",
                  "description": "string",
                  "docker_config": [
                    "list",
                    [
                      "object",
                      {
                        "immutable_tags": "bool"
                      }
                    ]
                  ],
                  "format": "string",
                  "id": "string",
                  "kms_key_name": "string",
                  "labels": [
                    "map",
                    "string"
                  ],
                  "location": "string",
                  "maven_config": [
                    "list",
                    [
                      "object",
                      {
                        "allow_snapshot_overwrites": "bool",
                        "version_policy": "string"
                      }
                    ]
                  ],
                  "mode": "string",
                  "name": "string",
                  "project": "string",
                  "remote_repository_config": [
                    "list",
                    [
                      "object",
                      {
                        "description": "string",
                        "docker_repository": [
                          "list",
                          [
                            "object",
                            {
                              "public_repository": "string"
                            }
                          ]
                        ],
                        "maven_repository": [
                          "list",
                          [
                            "object",
                            {
                              "public_repository": "string"
                            }
                          ]
                        ],
                        "npm_repository": [
                          "list",
                          [
                            "object",
                            {
                              "public_repository": "string"
                            }
                          ]
                        ],
                        "python_repository": [
                          "list",
                          [
                            "object",
                            {
                              "public_repository": "string"
                            }
                          ]
                        ]
                      }
                    ]
                  ],
                  "repository_id": "string",
                  "timeouts": [
                    "object",
                    {
                      "create": "string",
                      "delete": "string",
                      "update": "string"
                    }
                  ],
                  "update_time": "string",
                  "virtual_repository_config": [
                    "list",
                    [
                      "object",
                      {
                        "upstream_policies": [
                          "list",
                          [
                            "object",
                            {
                              "id": "string",
                              "priority": "number",
                              "repository": "string"
                            }
                          ]
                        ]
                      }
                    ]
                  ]
                }
              ]
            }
          ],
          "ocim": [
            "object",
            {
              "artifact_registry_list": [
                "object",
                {
                  "create_time": "string",
                  "description": "string",
                  "docker_config": [
                    "list",
                    [
                      "object",
                      {
                        "immutable_tags": "bool"
                      }
                    ]
                  ],
                  "format": "string",
                  "id": "string",
                  "kms_key_name": "string",
                  "labels": [
                    "map",
                    "string"
                  ],
                  "location": "string",
                  "maven_config": [
                    "list",
                    [
                      "object",
                      {
                        "allow_snapshot_overwrites": "bool",
                        "version_policy": "string"
                      }
                    ]
                  ],
                  "mode": "string",
                  "name": "string",
                  "project": "string",
                  "remote_repository_config": [
                    "list",
                    [
                      "object",
                      {
                        "description": "string",
                        "docker_repository": [
                          "list",
                          [
                            "object",
                            {
                              "public_repository": "string"
                            }
                          ]
                        ],
                        "maven_repository": [
                          "list",
                          [
                            "object",
                            {
                              "public_repository": "string"
                            }
                          ]
                        ],
                        "npm_repository": [
                          "list",
                          [
                            "object",
                            {
                              "public_repository": "string"
                            }
                          ]
                        ],
                        "python_repository": [
                          "list",
                          [
                            "object",
                            {
                              "public_repository": "string"
                            }
                          ]
                        ]
                      }
                    ]
                  ],
                  "repository_id": "string",
                  "timeouts": [
                    "object",
                    {
                      "create": "string",
                      "delete": "string",
                      "update": "string"
                    }
                  ],
                  "update_time": "string",
                  "virtual_repository_config": [
                    "list",
                    [
                      "object",
                      {
                        "upstream_policies": [
                          "list",
                          [
                            "object",
                            {
                              "id": "string",
                              "priority": "number",
                              "repository": "string"
                            }
                          ]
                        ]
                      }
                    ]
                  ]
                }
              ]
            }
          ]
        }
      ]
    }
  },
  "resources": [
    {
      "module": "module.artifact_registry[\"internal\"]",
      "mode": "managed",
      "type": "google_artifact_registry_repository",
      "name": "artifact_registry",
      "provider": "provider[\"registry.terraform.io/hashicorp/google\"]",
      "instances": [
        {
          "schema_version": 0,
          "attributes": {
            "create_time": "2023-07-04T13:34:19.721723Z",
            "description": "modules-internal repository",
            "docker_config": [],
            "format": "DOCKER",
            "id": "projects/smart-tractor-389208/locations/europe/repositories/modules-internal",
            "kms_key_name": "",
            "labels": {
              "module": "cap-operator",
              "name": "modules-internal",
              "owner": "neighbors",
              "type": "development"
            },
            "location": "europe",
            "maven_config": [],
            "mode": "STANDARD_REPOSITORY",
            "name": "modules-internal",
            "project": "smart-tractor-389208",
            "remote_repository_config": [],
            "repository_id": "modules-internal",
            "timeouts": null,
            "update_time": "2023-07-04T13:34:19.721723Z",
            "virtual_repository_config": []
          },
          "sensitive_attributes": [],
          "private": "eyJlMmJmYjczMC1lY2FhLTExZTYtOGY4OC0zNDM2M2JjN2M0YzAiOnsiY3JlYXRlIjoxMjAwMDAwMDAwMDAwLCJkZWxldGUiOjEyMDAwMDAwMDAwMDAsInVwZGF0ZSI6MTIwMDAwMDAwMDAwMH19"
        }
      ]
    },
    {
      "module": "module.artifact_registry[\"internal\"]",
      "mode": "managed",
      "type": "google_artifact_registry_repository_iam_member",
      "name": "member_service_account",
      "provider": "provider[\"registry.terraform.io/hashicorp/google\"]",
      "instances": [
        {
          "schema_version": 0,
          "attributes": {
            "condition": [],
            "etag": "BwX/qVeblOo=",
            "id": "projects/smart-tractor-389208/locations/europe/repositories/modules-internal/roles/artifactregistry.writer/serviceAccount:sa-kyma-project@sap-kyma-prow.iam.gserviceaccount.com",
            "location": "europe",
            "member": "serviceAccount:sa-kyma-project@sap-kyma-prow.iam.gserviceaccount.com",
            "project": "smart-tractor-389208",
            "repository": "projects/smart-tractor-389208/locations/europe/repositories/modules-internal",
            "role": "roles/artifactregistry.writer"
          },
          "sensitive_attributes": [],
          "private": "bnVsbA==",
          "dependencies": [
            "module.artifact_registry.google_artifact_registry_repository.artifact_registry"
          ]
        }
      ]
    },
    {
      "module": "module.artifact_registry[\"ocim\"]",
      "mode": "managed",
      "type": "google_artifact_registry_repository",
      "name": "artifact_registry",
      "provider": "provider[\"registry.terraform.io/hashicorp/google\"]",
      "instances": [
        {
          "schema_version": 0,
          "attributes": {
            "create_time": "2023-07-04T13:34:18.022270Z",
            "description": "modules-ocim repository",
            "docker_config": [],
            "format": "DOCKER",
            "id": "projects/smart-tractor-389208/locations/europe/repositories/modules-ocim",
            "kms_key_name": "",
            "labels": {
              "module": "cap-operator",
              "name": "modules-ocim",
              "owner": "neighbors",
              "type": "development"
            },
            "location": "europe",
            "maven_config": [],
            "mode": "STANDARD_REPOSITORY",
            "name": "modules-ocim",
            "project": "smart-tractor-389208",
            "remote_repository_config": [],
            "repository_id": "modules-ocim",
            "timeouts": null,
            "update_time": "2023-07-04T13:34:18.022270Z",
            "virtual_repository_config": []
          },
          "sensitive_attributes": [],
          "private": "eyJlMmJmYjczMC1lY2FhLTExZTYtOGY4OC0zNDM2M2JjN2M0YzAiOnsiY3JlYXRlIjoxMjAwMDAwMDAwMDAwLCJkZWxldGUiOjEyMDAwMDAwMDAwMDAsInVwZGF0ZSI6MTIwMDAwMDAwMDAwMH19"
        }
      ]
    },
    {
      "module": "module.artifact_registry[\"ocim\"]",
      "mode": "managed",
      "type": "google_artifact_registry_repository_iam_member",
      "name": "member_service_account",
      "provider": "provider[\"registry.terraform.io/hashicorp/google\"]",
      "instances": [
        {
          "schema_version": 0,
          "attributes": {
            "condition": [],
            "etag": "BwX/qVebgIk=",
            "id": "projects/smart-tractor-389208/locations/europe/repositories/modules-ocim/roles/artifactregistry.writer/serviceAccount:sa-kyma-project@sap-kyma-prow.iam.gserviceaccount.com",
            "location": "europe",
            "member": "serviceAccount:sa-kyma-project@sap-kyma-prow.iam.gserviceaccount.com",
            "project": "smart-tractor-389208",
            "repository": "projects/smart-tractor-389208/locations/europe/repositories/modules-ocim",
            "role": "roles/artifactregistry.writer"
          },
          "sensitive_attributes": [],
          "private": "bnVsbA==",
          "dependencies": [
            "module.artifact_registry.google_artifact_registry_repository.artifact_registry"
          ]
        }
      ]
    }
  ],
  "check_results": null
}
