# This file is autogenerated, do not edit; changes may be undone by the next 'dep ensure'.


[[projects]]
  digest = "1:9be81a3ff3415425d3ed82d4f074b056f9efad817b9c7b37ae06d63d2edacd6d"
  name = "cloud.google.com/go"
  packages = [
    ".",
    "compute/metadata",
    "containeranalysis/apiv1",
    "grafeas/apiv1",
    "iam",
    "internal",
    "internal/optional",
    "internal/trace",
    "internal/version",
    "storage",
  ]
  pruneopts = "NUT"
  revision = "6daa679260d92196ffca2362d652c924fdcb7a22"
  version = "v0.52.0"

[[projects]]
  digest = "1:5d72bbcc9c8667b11c3dc3cbe681c5a6f71e5096744c0bf7726ab5c6425d5dc4"
  name = "github.com/BurntSushi/toml"
  packages = ["."]
  pruneopts = "NUT"
  revision = "3012a1dbe2e4bd1391d42b32f0577cb7bbc7f005"
  version = "v0.3.1"

[[projects]]
  digest = "1:25870183293a3fb61cc9afd060a61d63a486f091db72af01a8ea3449f5ca530d"
  name = "github.com/Masterminds/goutils"
  packages = ["."]
  pruneopts = "NUT"
  revision = "41ac8693c5c10a92ea1ff5ac3a7f95646f6123b0"
  version = "v1.1.0"

[[projects]]
  digest = "1:a26f8da48b22e6176c1c6a2459904bb30bd0c49ada04b2963c2c3a203e81a620"
  name = "github.com/Masterminds/semver"
  packages = ["."]
  pruneopts = "NUT"
  revision = "c7af12943936e8c39859482e61f0574c2fd7fc75"
  version = "v1.4.2"

[[projects]]
  digest = "1:368f9b7b1e145e81d6e5aa36abc25956973eed17abec47f9c2b79e54a1fea545"
  name = "github.com/Masterminds/sprig"
  packages = ["."]
  pruneopts = "NUT"
  revision = "258b00ffa7318e8b109a141349980ffbd30a35db"
  version = "v2.20.0"

[[projects]]
  digest = "1:707ebe952a8b3d00b343c01536c79c73771d100f63ec6babeaed5c79e2b8a8dd"
  name = "github.com/beorn7/perks"
  packages = ["quantile"]
  pruneopts = "NUT"
  revision = "37c8de3658fcb183f997c4e13e8337516ab753e6"
  version = "v1.0.1"

[[projects]]
  digest = "1:ffe9824d294da03b391f44e1ae8281281b4afc1bdaa9588c9097785e3af10cec"
  name = "github.com/davecgh/go-spew"
  packages = ["spew"]
  pruneopts = "NUT"
  revision = "8991bc29aa16c548c550c7ff78260e27b9ab7c73"
  version = "v1.1.1"

[[projects]]
  digest = "1:1b91ae0dc69a41d4c2ed23ea5cffb721ea63f5037ca4b81e6d6771fbb8f45129"
  name = "github.com/fsnotify/fsnotify"
  packages = ["."]
  pruneopts = "NUT"
  revision = "c2828203cd70a50dcccfb2761f8b1f8ceef9a8e9"
  version = "v1.4.7"

[[projects]]
  digest = "1:81466b4218bf6adddac2572a30ac733a9255919bc2f470b4827a317bd4ee1756"
  name = "github.com/ghodss/yaml"
  packages = ["."]
  pruneopts = "NUT"
  revision = "0ca9ea5df5451ffdf184b4428c902747c2c11cd7"
  version = "v1.0.0"

[[projects]]
  digest = "1:18108594151654e9e696b27b181b953f9a90b16bf14d253dd1b397b025a1487f"
  name = "github.com/go-yaml/yaml"
  packages = ["."]
  pruneopts = "NUT"
  revision = "51d6538a90f86fe93ac480b35f37b2be17fef232"
  version = "v2.2.2"

[[projects]]
  digest = "1:a1b2a5e38f79688ee8250942d5fa960525fceb1024c855c7bc76fa77b0f3cca2"
  name = "github.com/gogo/protobuf"
  packages = [
    "proto",
    "sortkeys",
  ]
  pruneopts = "NUT"
  revision = "ba06b47c162d49f2af050fb4c75bcbc86a159d5c"
  version = "v1.2.1"

[[projects]]
  branch = "master"
  digest = "1:e2b86e41f3d669fc36b50d31d32d22c8ac656c75aa5ea89717ce7177e134ff2a"
  name = "github.com/golang/glog"
  packages = ["."]
  pruneopts = "NUT"
  revision = "23def4e6c14b4da8ac2ed8007337bc5eb5007998"

[[projects]]
  digest = "1:514f84eb0b66770501e4980d3d33be60964e495e9fe6ca90dcae23ed6812932e"
  name = "github.com/golang/protobuf"
  packages = [
    "proto",
    "protoc-gen-go",
    "protoc-gen-go/descriptor",
    "protoc-gen-go/generator",
    "protoc-gen-go/generator/internal/remap",
    "protoc-gen-go/grpc",
    "protoc-gen-go/plugin",
    "ptypes",
    "ptypes/any",
    "ptypes/duration",
    "ptypes/empty",
    "ptypes/timestamp",
  ]
  pruneopts = "NUT"
  revision = "6c65a5562fc06764971b7c5d05c76c75e84bdbf7"
  version = "v1.3.2"

[[projects]]
  digest = "1:05f95ffdfcf651bdb0f05b40b69e7f5663047f8da75c72d58728acb59b5cc107"
  name = "github.com/google/btree"
  packages = ["."]
  pruneopts = "NUT"
  revision = "4030bb1f1f0c35b30ca7009e9ebd06849dd45306"
  version = "v1.0.0"

[[projects]]
  digest = "1:7a69bac90389f73502cf0591db45b0ec8b68d012e352f709e14d4e16e3c94ce3"
  name = "github.com/google/go-github"
  packages = ["github"]
  pruneopts = "NUT"
  revision = "56cb1dd99043eba2e21c91aa8417d3ba2329259a"
  version = "v21.0.1"

[[projects]]
  digest = "1:a63cff6b5d8b95638bfe300385d93b2a6d9d687734b863da8e09dc834510a690"
  name = "github.com/google/go-querystring"
  packages = ["query"]
  pruneopts = "NUT"
  revision = "44c6ddd0a2342c386950e880b658017258da92fc"
  version = "v1.0.0"

[[projects]]
  digest = "1:52c5834e2bebac9030c97cc0798ac11c3aa8a39f098aeb419f142533da6cd3cc"
  name = "github.com/google/gofuzz"
  packages = ["."]
  pruneopts = "NUT"
  revision = "f140a6486e521aad38f5917de355cbf147cc0496"
  version = "v1.0.0"

[[projects]]
  digest = "1:ab3ec1fe3e39bac4b3ab63390767766622be35b7cab03f47f787f9ec60522a53"
  name = "github.com/google/uuid"
  packages = ["."]
  pruneopts = "NUT"
  revision = "0cd6bf5da1e1c83f8b45653022c74f71af0538a4"
  version = "v1.1.1"

[[projects]]
  digest = "1:4b76f3e067eed897a45242383a2aa4d0a2fdbf73a8d00c03167dba80c43630b1"
  name = "github.com/googleapis/gax-go"
  packages = ["v2"]
  pruneopts = "NUT"
  revision = "bd5b16380fd03dc758d11cef74ba2e3bc8b0e8c2"
  version = "v2.0.5"

[[projects]]
  digest = "1:5e092394bed250d7fda36cef8b7e1d22bb2d5f71878bbb137be5fc1c2705f965"
  name = "github.com/googleapis/gnostic"
  packages = [
    "OpenAPIv2",
    "compiler",
    "extensions",
  ]
  pruneopts = "NUT"
  revision = "ab0dd09aa10e2952b28e12ecd35681b20463ebab"
  version = "v0.3.1"

[[projects]]
  branch = "master"
  digest = "1:f14d1b50e0075fb00177f12a96dd7addf93d1e2883c25befd17285b779549795"
  name = "github.com/gopherjs/gopherjs"
  packages = ["js"]
  pruneopts = "NUT"
  revision = "5d271430af9f3def750dcd7d6fc19eecfead4d2c"

[[projects]]
  digest = "1:0faa8131e5822f3420f82426667a29c5c425c3cb7e0fcf0c5d1c718d6e6ba19b"
  name = "github.com/gorilla/securecookie"
  packages = ["."]
  pruneopts = "NUT"
  revision = "e59506cc896acb7f7bf732d4fdf5e25f7ccd8983"
  version = "v1.1.1"

[[projects]]
  digest = "1:56322ec58012d3b6c57c97c31f82a7634ee179ce0ad019ab9990f59ea9d966d3"
  name = "github.com/gorilla/sessions"
  packages = ["."]
  pruneopts = "NUT"
  revision = "4355a998706e83fe1d71c31b07af94e34f68d74a"
  version = "v1.2.0"

[[projects]]
  digest = "1:4a0c072e44da763409da72d41492373a034baf2e6d849c76d239b4abdfbb6c49"
  name = "github.com/gorilla/websocket"
  packages = ["."]
  pruneopts = "NUT"
  revision = "66b9c49e59c6c48f0ffce28c2d8b8a5678502c6d"
  version = "v1.4.0"

[[projects]]
  branch = "master"
  digest = "1:a86d65bc23eea505cd9139178e4d889733928fe165c7a008f41eaab039edf9df"
  name = "github.com/gregjones/httpcache"
  packages = [
    ".",
    "diskcache",
  ]
  pruneopts = "NUT"
  revision = "901d90724c7919163f472a9812253fb26761123d"

[[projects]]
  digest = "1:7fae9ec96d10b2afce0da23c378c8b3389319b7f92fa092f2621bba3078cfb4b"
  name = "github.com/hashicorp/golang-lru"
  packages = ["simplelru"]
  pruneopts = "NUT"
  revision = "7f827b33c0f158ec5dfbba01bb0b14a4541fd81d"
  version = "v0.5.3"

[[projects]]
  digest = "1:dc54242755f5b6721dd880843de6e45fe234838ea9149ec8249951880fd5802f"
  name = "github.com/huandu/xstrings"
  packages = ["."]
  pruneopts = "NUT"
  revision = "f02667b379e2fb5916c3cda2cf31e0eb885d79f8"
  version = "v1.2.0"

[[projects]]
  digest = "1:aaa38889f11896ee3644d77e17dc7764cc47f5f3d3b488268df2af2b52541c5f"
  name = "github.com/imdario/mergo"
  packages = ["."]
  pruneopts = "NUT"
  revision = "7c29201646fa3de8506f701213473dd407f19646"
  version = "v0.3.7"

[[projects]]
  digest = "1:406338ad39ab2e37b7f4452906442a3dbf0eb3379dd1f06aafb5c07e769a5fbb"
  name = "github.com/inconshreveable/mousetrap"
  packages = ["."]
  pruneopts = "NUT"
  revision = "76626ae9c91c4f2a10f34cad8ce83ea42c93bb75"
  version = "v1.0"

[[projects]]
  digest = "1:f3c141fb3cbab8bdf5caf3cefeed04c39403027e6f28ea378627088579ea6980"
  name = "github.com/jamiealquiza/envy"
  packages = ["."]
  pruneopts = "NUT"
  revision = "8296e64f2a795e83efe63717a36e5f2609b0f26e"
  version = "v1.1.0"

[[projects]]
  digest = "1:92f6419f388bd31a433b1388910f15a882c9980e383e89ebf8fb2524583707ac"
  name = "github.com/json-iterator/go"
  packages = ["."]
  pruneopts = "NUT"
  revision = "27518f6661eba504be5a7a9a9f6d9460d892ade3"
  version = "v1.1.7"

[[projects]]
  digest = "1:2aee2c81817d3334cf3e85e99ffe9515315b4cb35e90b45ae2164c3b68fd7dcf"
  name = "github.com/jstemmer/go-junit-report"
  packages = [
    ".",
    "formatter",
    "parser",
  ]
  pruneopts = "NUT"
  revision = "cc1f095d5cc5eca2844f5c5ea7bb37f6b9bf6cac"
  version = "v0.9.1"

[[projects]]
  digest = "1:395b1480ae42c3fec6fff19823e66e173819f85826811387f9045c88515a7f0f"
  name = "github.com/jtolds/gls"
  packages = ["."]
  pruneopts = "NUT"
  revision = "b4936e06046bbecbb94cae9c18127ebe510a2cb9"
  version = "v4.20"

[[projects]]
  digest = "1:3b8adce8bbe5865d7155ddfadbd063915265f04a22ab47a3f5cddd7b32333d1e"
  name = "github.com/knative/build"
  packages = [
    "pkg/apis/build",
    "pkg/apis/build/v1alpha1",
  ]
  pruneopts = "NUT"
  revision = "6793e2b86be164b11dbbf91f64323e3738b88c2b"
  version = "v0.1.2"

[[projects]]
  digest = "1:58999a98719fddbac6303cb17e8d85b945f60b72f48e3a2df6b950b97fa926f1"
  name = "github.com/konsorten/go-windows-terminal-sequences"
  packages = ["."]
  pruneopts = "NUT"
  revision = "f55edac94c9bbba5d6182a4be46d86a2c9b5b50e"
  version = "v1.0.2"

[[projects]]
  digest = "1:5985ef4caf91ece5d54817c11ea25f182697534f8ae6521eadcd628c142ac4b6"
  name = "github.com/matttproud/golang_protobuf_extensions"
  packages = ["pbutil"]
  pruneopts = "NUT"
  revision = "c12348ce28de40eed0136aa2b644d0ee0650e56c"
  version = "v1.0.1"

[[projects]]
  digest = "1:2f42fa12d6911c7b7659738758631bec870b7e9b4c6be5444f963cdcfccc191f"
  name = "github.com/modern-go/concurrent"
  packages = ["."]
  pruneopts = "NUT"
  revision = "bacd9c7ef1dd9b15be4a9909b8ac7a4e313eec94"
  version = "1.0.3"

[[projects]]
  digest = "1:c6aca19413b13dc59c220ad7430329e2ec454cc310bc6d8de2c7e2b93c18a0f6"
  name = "github.com/modern-go/reflect2"
  packages = ["."]
  pruneopts = "NUT"
  revision = "4b7aa43c6742a2c18fdef89dd197aaae7dac7ccd"
  version = "1.0.1"

[[projects]]
  digest = "1:ffa205c9fca8c776891ba53dd4cb78d5c2a68b78e94d5bd3e47041c86c837ee4"
  name = "github.com/nlopes/slack"
  packages = [
    ".",
    "slackutilsx",
  ]
  pruneopts = "NUT"
  revision = "a7deeca7935c178aa865249bab511daf816288ba"
  version = "v0.5.0"

[[projects]]
  digest = "1:e061210c9030af4034615e82604bbb4b372da61f26b1eb6aa006ad04fc6fb61e"
  name = "github.com/onsi/gomega"
  packages = [
    ".",
    "format",
    "internal/assertion",
    "internal/asyncassertion",
    "internal/oraclematcher",
    "internal/testingtsupport",
    "matchers",
    "matchers/support/goraph/bipartitegraph",
    "matchers/support/goraph/edge",
    "matchers/support/goraph/node",
    "matchers/support/goraph/util",
    "types",
  ]
  pruneopts = "NUT"
  revision = "27d50ea6455b212cf516609fa58b2b5dce1abc81"
  version = "v1.6.0"

[[projects]]
  branch = "master"
  digest = "1:89da0f0574bc94cfd0ac8b59af67bf76cdd110d503df2721006b9f0492394333"
  name = "github.com/petar/GoLLRB"
  packages = ["llrb"]
  pruneopts = "NUT"
  revision = "33fb24c13b99c46c93183c291836c573ac382536"

[[projects]]
  digest = "1:e1b94bd98c62fc2f905621fc6ba8209b7004e4513a1dfecb12a3de56ec2bb519"
  name = "github.com/peterbourgon/diskv"
  packages = ["."]
  pruneopts = "NUT"
  revision = "0be1b92a6df0e4f5cb0a5d15fb7f643d0ad93ce6"
  version = "v3.0.0"

[[projects]]
  digest = "1:14715f705ff5dfe0ffd6571d7d201dd8e921030f8070321a79380d8ca4ec1a24"
  name = "github.com/pkg/errors"
  packages = ["."]
  pruneopts = "NUT"
  revision = "ba968bfe8b2f7e042a574c888954fccecfa385b4"
  version = "v0.8.1"

[[projects]]
  digest = "1:0028cb19b2e4c3112225cd871870f2d9cf49b9b4276531f03438a88e94be86fe"
  name = "github.com/pmezard/go-difflib"
  packages = ["difflib"]
  pruneopts = "NUT"
  revision = "792786c7400a136282c1664665ae0a8db921c6c2"
  version = "v1.0.0"

[[projects]]
  digest = "1:3e5fd795ebf6a9e13e67d644da76130af7a6003286531f9573f8074c228b66a3"
  name = "github.com/prometheus/client_golang"
  packages = ["prometheus"]
  pruneopts = "NUT"
  revision = "c5b7fccd204277076155f10851dad72b76a49317"
  version = "v0.8.0"

[[projects]]
  branch = "master"
  digest = "1:2d5cd61daa5565187e1d96bae64dbbc6080dacf741448e9629c64fd93203b0d4"
  name = "github.com/prometheus/client_model"
  packages = ["go"]
  pruneopts = "NUT"
  revision = "14fe0d1b01d4d5fc031dd4bec1823bd3ebbe8016"

[[projects]]
  digest = "1:d03ca24670416dc8fccc78b05d6736ec655416ca7db0a028e8fb92cfdfe3b55e"
  name = "github.com/prometheus/common"
  packages = [
    "expfmt",
    "internal/bitbucket.org/ww/goautoneg",
    "model",
  ]
  pruneopts = "NUT"
  revision = "31bed53e4047fd6c510e43a941f90cb31be0972a"
  version = "v0.6.0"

[[projects]]
  digest = "1:19305fc369377c111c865a7a01e11c675c57c52a932353bbd4ea360bd5b72d99"
  name = "github.com/prometheus/procfs"
  packages = [
    ".",
    "internal/fs",
  ]
  pruneopts = "NUT"
  revision = "3f98efb27840a48a7a2898ec80be07674d19f9c8"
  version = "v0.0.3"

[[projects]]
  branch = "master"
  digest = "1:01e6d23e6887f41c07e785f5b4de15488a4f3f24f404d0ed212501105ffae68a"
  name = "github.com/shurcooL/githubv4"
  packages = ["."]
  pruneopts = "NUT"
  revision = "4ba037080260cb26279c05337b38064b520a7f9e"

[[projects]]
  branch = "master"
  digest = "1:ae48f0f40520744c5e6c603b61a16cfe0e4c778360fd53c7c8e2eeaa14b283c6"
  name = "github.com/shurcooL/graphql"
  packages = [
    ".",
    "ident",
    "internal/jsonutil",
  ]
  pruneopts = "NUT"
  revision = "d48a9a75455f6af30244670bc0c9d0e38e7392b5"

[[projects]]
  digest = "1:f4aaa07a6c33f2b354726d0571acbc8ca118837c75709f6353203ae1a3f8eeab"
  name = "github.com/sirupsen/logrus"
  packages = ["."]
  pruneopts = "NUT"
  revision = "839c75faf7f98a33d445d181f3018b5c3409a45e"
  version = "v1.4.2"

[[projects]]
  digest = "1:a0509115762ee481fd95b60521b4dcc5ad226c54b741a4924f4f28c0cc6aabc8"
  name = "github.com/smartystreets/assertions"
  packages = [
    ".",
    "internal/go-diff/diffmatchpatch",
    "internal/go-render/render",
    "internal/oglematchers",
  ]
  pruneopts = "NUT"
  revision = "f487f9de1cd36ebab28235b9373028812fb47cbd"
  version = "1.10.1"

[[projects]]
  digest = "1:7efd0b2309cdd6468029fa30c808c50a820c9344df07e1a4bbdaf18f282907aa"
  name = "github.com/smartystreets/goconvey"
  packages = [
    "convey",
    "convey/gotest",
    "convey/reporting",
  ]
  pruneopts = "NUT"
  revision = "9e8dc3f972df6c8fcc0375ef492c24d0bb204857"
  version = "1.6.3"

[[projects]]
  digest = "1:d3533ee568fc00a971617ec09dc0f0b3eddfb4adbc1275f8f6332553d67506b4"
  name = "github.com/spf13/cobra"
  packages = ["."]
  pruneopts = "NUT"
  revision = "f2b07da1e2c38d5f12845a4f607e2e1018cbb1f5"
  version = "v0.0.5"

[[projects]]
  digest = "1:9d8420bbf131d1618bde6530af37c3799340d3762cc47210c1d9532a4c3a2779"
  name = "github.com/spf13/pflag"
  packages = ["."]
  pruneopts = "NUT"
  revision = "298182f68c66c05229eb03ac171abe6e309ee79a"
  version = "v1.0.3"

[[projects]]
  digest = "1:60a46e2410edbf02b419f833372dd1d24d7aa1b916a990a7370e792fada1eadd"
  name = "github.com/stretchr/objx"
  packages = ["."]
  pruneopts = "NUT"
  revision = "477a77ecc69700c7cdeb1fa9e129548e1c1c393c"
  version = "v0.1.1"

[[projects]]
  digest = "1:b4276c3fc4d51de79bd94a297405a635d330fb06220d2a04e0801d634fe927ac"
  name = "github.com/stretchr/testify"
  packages = [
    "assert",
    "mock",
    "require",
  ]
  pruneopts = "NUT"
  revision = "221dbe5ed46703ee255b1da0dec05086f5035f62"
  version = "v1.4.0"

[[projects]]
  digest = "1:dc2fb9fbadabda2bc4f23a952449600109a85d77ba9bd9a8b707610bd0b8ee7a"
  name = "github.com/vrischmann/envconfig"
  packages = ["."]
  pruneopts = "NUT"
  revision = "cf601e2565a0a7c7418ed014d28a507be6cb1e45"
  version = "v1.2.0"

[[projects]]
  digest = "1:59a0bfab08de2de3bfe8d36dbeff8cd15c71ed83c08fe11f7545a436aa2a31cc"
  name = "go.opencensus.io"
  packages = [
    ".",
    "internal",
    "internal/tagencoding",
    "metric/metricdata",
    "metric/metricproducer",
    "plugin/ocgrpc",
    "plugin/ochttp",
    "plugin/ochttp/propagation/b3",
    "resource",
    "stats",
    "stats/internal",
    "stats/view",
    "tag",
    "trace",
    "trace/internal",
    "trace/propagation",
    "trace/tracestate",
  ]
  pruneopts = "NUT"
  revision = "9c377598961b706d1542bd2d84d538b5094d596e"
  version = "v0.22.0"

[[projects]]
  branch = "master"
  digest = "1:c72812eff46e3f038674f00d9e043412d2bafd79bdbb4995075aa16b83445135"
  name = "golang.org/x/crypto"
  packages = [
    "pbkdf2",
    "scrypt",
    "ssh/terminal",
  ]
  pruneopts = "NUT"
  revision = "4def268fd1a49955bfb3dda92fe3db4f924f2285"

[[projects]]
  branch = "master"
  digest = "1:7b726e4be970ebfbdfd32a7b079cf4d53049e95b1b33ccd222af0d2dbef38617"
  name = "golang.org/x/exp"
  packages = [
    "apidiff",
    "cmd/apidiff",
  ]
  pruneopts = "NUT"
  revision = "f17229e696bd4e065144fd6ae1313e41515abbdc"

[[projects]]
  branch = "master"
  digest = "1:03004f72cd37290aa0cba90b66d418f3a7cfb47220207398b561e6abe7aa8f74"
  name = "golang.org/x/lint"
  packages = [
    ".",
    "golint",
  ]
  pruneopts = "NUT"
  revision = "959b441ac422379a43da2230f62be024250818b0"

[[projects]]
  branch = "master"
  digest = "1:a09458a14d6e117650506c4445ac7e5246bc03042fbc82f809c85c37fe4320c0"
  name = "golang.org/x/net"
  packages = [
    "context",
    "context/ctxhttp",
    "html",
    "html/atom",
    "html/charset",
    "http/httpguts",
    "http2",
    "http2/hpack",
    "idna",
    "internal/timeseries",
    "trace",
  ]
  pruneopts = "NUT"
  revision = "74dc4d7220e7acc4e100824340f3e66577424772"

[[projects]]
  branch = "master"
  digest = "1:1519760444b90c560eb01373869bc66fd539e6fe1bf77af22047c43edc40ab35"
  name = "golang.org/x/oauth2"
  packages = [
    ".",
    "google",
    "internal",
    "jws",
    "jwt",
  ]
  pruneopts = "NUT"
  revision = "0f29369cfe4552d0e4bcddc57cc75f4d7e672a33"

[[projects]]
  branch = "master"
  digest = "1:e20392520802b3d7b7f62125f8fbeee66095a34e9159f3774882ede75c1010bb"
  name = "golang.org/x/sys"
  packages = [
    "unix",
    "windows",
  ]
  pruneopts = "NUT"
  revision = "fde4db37ae7ad8191b03d30d27f258b5291ae4e3"

[[projects]]
  digest = "1:28deae5fe892797ff37a317b5bcda96d11d1c90dadd89f1337651df3bc4c586e"
  name = "golang.org/x/text"
  packages = [
    "collate",
    "collate/build",
    "encoding",
    "encoding/charmap",
    "encoding/htmlindex",
    "encoding/internal",
    "encoding/internal/identifier",
    "encoding/japanese",
    "encoding/korean",
    "encoding/simplifiedchinese",
    "encoding/traditionalchinese",
    "encoding/unicode",
    "internal/colltab",
    "internal/gen",
    "internal/language",
    "internal/language/compact",
    "internal/tag",
    "internal/triegen",
    "internal/ucd",
    "internal/utf8internal",
    "language",
    "runes",
    "secure/bidirule",
    "transform",
    "unicode/bidi",
    "unicode/cldr",
    "unicode/norm",
    "unicode/rangetable",
  ]
  pruneopts = "NUT"
  revision = "342b2e1fbaa52c93f31447ad2c6abc048c63e475"
  version = "v0.3.2"

[[projects]]
  branch = "master"
  digest = "1:9fdc2b55e8e0fafe4b41884091e51e77344f7dc511c5acedcfd98200003bff90"
  name = "golang.org/x/time"
  packages = ["rate"]
  pruneopts = "NUT"
  revision = "9d24e82272b4f38b78bc8cff74fa936d31ccd8ef"

[[projects]]
  branch = "master"
  digest = "1:68bf22f900e242f9f32a122e80b86e48328bb48ff8fddbfbfa7f744ea20efb0c"
  name = "golang.org/x/tools"
  packages = [
    "cmd/goimports",
    "go/analysis",
    "go/analysis/passes/inspect",
    "go/ast/astutil",
    "go/ast/inspector",
    "go/buildutil",
    "go/gcexportdata",
    "go/internal/gcimporter",
    "go/internal/packagesdriver",
    "go/packages",
    "go/types/objectpath",
    "go/types/typeutil",
    "internal/fastwalk",
    "internal/gopathwalk",
    "internal/imports",
    "internal/module",
    "internal/semver",
  ]
  pruneopts = "NUT"
  revision = "85edb9ef328312eeb9315a7707cbb661702d17f9"

[[projects]]
  branch = "master"
  digest = "1:c3b6d0f03ca11bcf872902a0fbd4934c816c03aa555d3bd695a7cda3df66f44c"
  name = "google.golang.org/api"
  packages = [
    "cloudkms/v1",
    "compute/v1",
    "container/v1",
    "dns/v1",
    "gensupport",
    "googleapi",
    "googleapi/internal/uritemplates",
    "googleapi/transport",
    "internal",
    "iterator",
    "option",
    "storage/v1",
    "transport",
    "transport/grpc",
    "transport/http",
    "transport/http/internal/propagation",
  ]
  pruneopts = "NUT"
  revision = "50e57548f9ab95cd1c23c702ce463dfa4af87a4d"

[[projects]]
  digest = "1:a955e7c44c2be14b61aa2ddda744edfdfbc6817e993703a16e303c277ba84449"
  name = "google.golang.org/appengine"
  packages = [
    ".",
    "internal",
    "internal/app_identity",
    "internal/base",
    "internal/datastore",
    "internal/log",
    "internal/modules",
    "internal/remote_api",
    "internal/socket",
    "internal/urlfetch",
    "socket",
    "urlfetch",
  ]
  pruneopts = "NUT"
  revision = "b2f4a3cf3c67576a2ee09e1fe62656a5086ce880"
  version = "v1.6.1"

[[projects]]
  branch = "master"
  digest = "1:c90cd286f2c92753a2b6f85845cbcb1da25fc6278cac2465979e444ba99c1bb3"
  name = "google.golang.org/genproto"
  packages = [
    "googleapis/api/annotations",
    "googleapis/devtools/containeranalysis/v1",
    "googleapis/grafeas/v1",
    "googleapis/iam/v1",
    "googleapis/rpc/code",
    "googleapis/rpc/status",
    "googleapis/type/expr",
    "protobuf/field_mask",
  ]
  pruneopts = "NUT"
  revision = "24fa4b261c55da65468f2abfdae2b024eef27dfb"

[[projects]]
  digest = "1:2e20cc8120747b862c7a415722466b9599d1e720d186ca2d441e27826822a3fe"
  name = "google.golang.org/grpc"
  packages = [
    ".",
    "balancer",
    "balancer/base",
    "balancer/grpclb",
    "balancer/grpclb/grpc_lb_v1",
    "balancer/roundrobin",
    "binarylog/grpc_binarylog_v1",
    "codes",
    "connectivity",
    "credentials",
    "credentials/alts",
    "credentials/alts/internal",
    "credentials/alts/internal/authinfo",
    "credentials/alts/internal/conn",
    "credentials/alts/internal/handshaker",
    "credentials/alts/internal/handshaker/service",
    "credentials/alts/internal/proto/grpc_gcp",
    "credentials/google",
    "credentials/internal",
    "credentials/oauth",
    "encoding",
    "encoding/proto",
    "grpclog",
    "internal",
    "internal/backoff",
    "internal/balancerload",
    "internal/binarylog",
    "internal/channelz",
    "internal/envconfig",
    "internal/grpcrand",
    "internal/grpcsync",
    "internal/syscall",
    "internal/transport",
    "keepalive",
    "metadata",
    "naming",
    "peer",
    "resolver",
    "resolver/dns",
    "resolver/passthrough",
    "serviceconfig",
    "stats",
    "status",
    "tap",
  ]
  pruneopts = "NUT"
  revision = "6eaf6f47437a6b4e2153a190160ef39a92c7eceb"
  version = "v1.23.0"

[[projects]]
  digest = "1:2d1fbdc6777e5408cabeb02bf336305e724b925ff4546ded0fa8715a7267922a"
  name = "gopkg.in/inf.v0"
  packages = ["."]
  pruneopts = "NUT"
  revision = "d2d2541c53f18d2a059457998ce2876cc8e67cbf"
  version = "v0.9.1"

[[projects]]
  branch = "v2"
  digest = "1:af48fd9cabfa0cd50594518c47d7dee43c2db85f0344fd71477108b9c271e34e"
  name = "gopkg.in/robfig/cron.v2"
  packages = ["."]
  pruneopts = "NUT"
  revision = "be2e0b0deed5a68ffee390b4583a13aff8321535"

[[projects]]
  digest = "1:18108594151654e9e696b27b181b953f9a90b16bf14d253dd1b397b025a1487f"
  name = "gopkg.in/yaml.v2"
  packages = ["."]
  pruneopts = "NUT"
  revision = "51d6538a90f86fe93ac480b35f37b2be17fef232"
  version = "v2.2.2"

[[projects]]
  digest = "1:41dcca9245f5ee3e71365b39b1eed7f4c8d8d50a4c5397cd3ac21a3c7a8866ef"
  name = "honnef.co/go/tools"
  packages = [
    "arg",
    "cmd/staticcheck",
    "config",
    "deprecated",
    "facts",
    "functions",
    "go/types/typeutil",
    "internal/cache",
    "internal/passes/buildssa",
    "internal/renameio",
    "internal/sharedcheck",
    "lint",
    "lint/lintdsl",
    "lint/lintutil",
    "lint/lintutil/format",
    "loader",
    "printf",
    "simple",
    "ssa",
    "ssautil",
    "staticcheck",
    "staticcheck/vrp",
    "stylecheck",
    "unused",
    "version",
  ]
  pruneopts = "NUT"
  revision = "afd67930eec2a9ed3e9b19f684d17a062285f16a"
  version = "2019.2.3"

[[projects]]
  branch = "release-1.11"
  digest = "1:b1c6723e934087c2fa159e1c6a309c3c5c0b9a7d209c2ba6028f21240ebe7606"
  name = "k8s.io/api"
  packages = [
    "admissionregistration/v1alpha1",
    "admissionregistration/v1beta1",
    "apps/v1",
    "apps/v1beta1",
    "apps/v1beta2",
    "authentication/v1",
    "authentication/v1beta1",
    "authorization/v1",
    "authorization/v1beta1",
    "autoscaling/v1",
    "autoscaling/v2beta1",
    "batch/v1",
    "batch/v1beta1",
    "batch/v2alpha1",
    "certificates/v1beta1",
    "core/v1",
    "events/v1beta1",
    "extensions/v1beta1",
    "networking/v1",
    "policy/v1beta1",
    "rbac/v1",
    "rbac/v1alpha1",
    "rbac/v1beta1",
    "scheduling/v1alpha1",
    "scheduling/v1beta1",
    "settings/v1alpha1",
    "storage/v1",
    "storage/v1alpha1",
    "storage/v1beta1",
  ]
  pruneopts = "NUT"
  revision = "912cbe2bfef3d832db29f9d3125307fe907102e9"

[[projects]]
  branch = "release-1.11"
  digest = "1:89d5d0ec9af69040da9ed79333fecd0916bcfb6ba184cf91cc0091258253775c"
  name = "k8s.io/apimachinery"
  packages = [
    "pkg/api/errors",
    "pkg/api/meta",
    "pkg/api/resource",
    "pkg/apis/meta/v1",
    "pkg/apis/meta/v1/unstructured",
    "pkg/apis/meta/v1beta1",
    "pkg/conversion",
    "pkg/conversion/queryparams",
    "pkg/fields",
    "pkg/labels",
    "pkg/runtime",
    "pkg/runtime/schema",
    "pkg/runtime/serializer",
    "pkg/runtime/serializer/json",
    "pkg/runtime/serializer/protobuf",
    "pkg/runtime/serializer/recognizer",
    "pkg/runtime/serializer/streaming",
    "pkg/runtime/serializer/versioning",
    "pkg/selection",
    "pkg/types",
    "pkg/util/clock",
    "pkg/util/errors",
    "pkg/util/framer",
    "pkg/util/intstr",
    "pkg/util/json",
    "pkg/util/mergepatch",
    "pkg/util/net",
    "pkg/util/runtime",
    "pkg/util/sets",
    "pkg/util/strategicpatch",
    "pkg/util/validation",
    "pkg/util/validation/field",
    "pkg/util/wait",
    "pkg/util/yaml",
    "pkg/version",
    "pkg/watch",
    "third_party/forked/golang/json",
    "third_party/forked/golang/reflect",
  ]
  pruneopts = "NUT"
  revision = "c182ff3b98419e7305cc361fd1811988591656cf"

[[projects]]
  digest = "1:c2886b9e0f545f79e08c167dc3f375b1fdef01d9cdb6f990d1972c4fcee6c16d"
  name = "k8s.io/client-go"
  packages = [
    "discovery",
    "discovery/fake",
    "kubernetes",
    "kubernetes/fake",
    "kubernetes/scheme",
    "kubernetes/typed/admissionregistration/v1alpha1",
    "kubernetes/typed/admissionregistration/v1alpha1/fake",
    "kubernetes/typed/admissionregistration/v1beta1",
    "kubernetes/typed/admissionregistration/v1beta1/fake",
    "kubernetes/typed/apps/v1",
    "kubernetes/typed/apps/v1/fake",
    "kubernetes/typed/apps/v1beta1",
    "kubernetes/typed/apps/v1beta1/fake",
    "kubernetes/typed/apps/v1beta2",
    "kubernetes/typed/apps/v1beta2/fake",
    "kubernetes/typed/authentication/v1",
    "kubernetes/typed/authentication/v1/fake",
    "kubernetes/typed/authentication/v1beta1",
    "kubernetes/typed/authentication/v1beta1/fake",
    "kubernetes/typed/authorization/v1",
    "kubernetes/typed/authorization/v1/fake",
    "kubernetes/typed/authorization/v1beta1",
    "kubernetes/typed/authorization/v1beta1/fake",
    "kubernetes/typed/autoscaling/v1",
    "kubernetes/typed/autoscaling/v1/fake",
    "kubernetes/typed/autoscaling/v2beta1",
    "kubernetes/typed/autoscaling/v2beta1/fake",
    "kubernetes/typed/batch/v1",
    "kubernetes/typed/batch/v1/fake",
    "kubernetes/typed/batch/v1beta1",
    "kubernetes/typed/batch/v1beta1/fake",
    "kubernetes/typed/batch/v2alpha1",
    "kubernetes/typed/batch/v2alpha1/fake",
    "kubernetes/typed/certificates/v1beta1",
    "kubernetes/typed/certificates/v1beta1/fake",
    "kubernetes/typed/core/v1",
    "kubernetes/typed/core/v1/fake",
    "kubernetes/typed/events/v1beta1",
    "kubernetes/typed/events/v1beta1/fake",
    "kubernetes/typed/extensions/v1beta1",
    "kubernetes/typed/extensions/v1beta1/fake",
    "kubernetes/typed/networking/v1",
    "kubernetes/typed/networking/v1/fake",
    "kubernetes/typed/policy/v1beta1",
    "kubernetes/typed/policy/v1beta1/fake",
    "kubernetes/typed/rbac/v1",
    "kubernetes/typed/rbac/v1/fake",
    "kubernetes/typed/rbac/v1alpha1",
    "kubernetes/typed/rbac/v1alpha1/fake",
    "kubernetes/typed/rbac/v1beta1",
    "kubernetes/typed/rbac/v1beta1/fake",
    "kubernetes/typed/scheduling/v1alpha1",
    "kubernetes/typed/scheduling/v1alpha1/fake",
    "kubernetes/typed/scheduling/v1beta1",
    "kubernetes/typed/scheduling/v1beta1/fake",
    "kubernetes/typed/settings/v1alpha1",
    "kubernetes/typed/settings/v1alpha1/fake",
    "kubernetes/typed/storage/v1",
    "kubernetes/typed/storage/v1/fake",
    "kubernetes/typed/storage/v1alpha1",
    "kubernetes/typed/storage/v1alpha1/fake",
    "kubernetes/typed/storage/v1beta1",
    "kubernetes/typed/storage/v1beta1/fake",
    "pkg/apis/clientauthentication",
    "pkg/apis/clientauthentication/v1alpha1",
    "pkg/apis/clientauthentication/v1beta1",
    "pkg/version",
    "plugin/pkg/client/auth/exec",
    "plugin/pkg/client/auth/gcp",
    "rest",
    "rest/watch",
    "testing",
    "third_party/forked/golang/template",
    "tools/auth",
    "tools/clientcmd",
    "tools/clientcmd/api",
    "tools/clientcmd/api/latest",
    "tools/clientcmd/api/v1",
    "tools/metrics",
    "tools/reference",
    "transport",
    "util/cert",
    "util/connrotation",
    "util/flowcontrol",
    "util/homedir",
    "util/integer",
    "util/jsonpath",
  ]
  pruneopts = "NUT"
  revision = "1f13a808da65775f22cbf47862c4e5898d8f4ca1"
  version = "kubernetes-1.11.2"

[[projects]]
  branch = "master"
  digest = "1:42674e29bf0cf4662d49bd9528e24b9ecc4895b32d0be281f9cf04d3a7671846"
  name = "k8s.io/kube-openapi"
  packages = ["pkg/util/proto"]
  pruneopts = "NUT"
  revision = "743ec37842bffe49dd4221d9026f30fb1d5adbc4"

[[projects]]
  digest = "1:f3681f04d9c06601c24b26f67b3e92fdfc1269aad0fe3ffc670f455e1f663d3b"
  name = "k8s.io/test-infra"
  packages = [
    "prow/apis/prowjobs",
    "prow/apis/prowjobs/v1",
    "prow/clonerefs",
    "prow/config",
    "prow/config/org",
    "prow/entrypoint",
    "prow/errorutil",
    "prow/gcsupload",
    "prow/github",
    "prow/initupload",
    "prow/kube",
    "prow/pod-utils/clone",
    "prow/pod-utils/decorate",
    "prow/pod-utils/downwardapi",
    "prow/pod-utils/gcs",
    "prow/pod-utils/wrapper",
    "prow/sidecar",
    "testgrid/util/gcs",
  ]
  pruneopts = "NUT"
  revision = "b9a576b397892c55487e495721d23b3a52ac9472"

[[projects]]
  digest = "1:8730e0150dfb2b7e173890c8b9868e7a273082ef8e39f4940e3506a481cf895c"
  name = "sigs.k8s.io/yaml"
  packages = ["."]
  pruneopts = "NUT"
  revision = "fd68e9863619f6ec2fdd8625fe1f02e7c877e480"
  version = "v1.1.0"

[solve-meta]
  analyzer-name = "dep"
  analyzer-version = 1
  input-imports = [
    "cloud.google.com/go/containeranalysis/apiv1",
    "cloud.google.com/go/storage",
    "github.com/Masterminds/semver",
    "github.com/Masterminds/sprig",
    "github.com/ghodss/yaml",
    "github.com/go-yaml/yaml",
    "github.com/google/go-github/github",
    "github.com/google/go-querystring/query",
    "github.com/jamiealquiza/envy",
    "github.com/nlopes/slack",
    "github.com/onsi/gomega",
    "github.com/pkg/errors",
    "github.com/shurcooL/githubv4",
    "github.com/sirupsen/logrus",
    "github.com/smartystreets/goconvey/convey",
    "github.com/spf13/cobra",
    "github.com/stretchr/testify/assert",
    "github.com/stretchr/testify/mock",
    "github.com/stretchr/testify/require",
    "github.com/vrischmann/envconfig",
    "golang.org/x/lint/golint",
    "golang.org/x/oauth2",
    "golang.org/x/oauth2/google",
    "golang.org/x/tools/cmd/goimports",
    "google.golang.org/api/cloudkms/v1",
    "google.golang.org/api/compute/v1",
    "google.golang.org/api/container/v1",
    "google.golang.org/api/dns/v1",
    "google.golang.org/api/iterator",
    "google.golang.org/genproto/googleapis/grafeas/v1",
    "gopkg.in/yaml.v2",
    "k8s.io/api/core/v1",
    "k8s.io/apimachinery/pkg/api/errors",
    "k8s.io/apimachinery/pkg/apis/meta/v1",
    "k8s.io/apimachinery/pkg/util/sets",
    "k8s.io/client-go/kubernetes",
    "k8s.io/client-go/kubernetes/fake",
    "k8s.io/client-go/kubernetes/typed/core/v1",
    "k8s.io/client-go/plugin/pkg/client/auth/gcp",
    "k8s.io/client-go/testing",
    "k8s.io/client-go/tools/clientcmd",
    "k8s.io/test-infra/prow/config",
    "k8s.io/test-infra/prow/kube",
  ]
  solver-name = "gps-cdcl"
  solver-version = 1
