# This file is autogenerated, do not edit; changes may be undone by the next 'dep ensure'.


[[projects]]
  name = "cloud.google.com/go"
  packages = ["compute/metadata"]
  revision = "74b12019e2aa53ec27882158f59192d7cd6d1998"
  version = "v0.33.1"

[[projects]]
  branch = "travis-1.9"
  name = "github.com/golang/lint"
  packages = [
    ".",
    "golint"
  ]
  revision = "883fe33ffc4344bad1ecd881f61afd5ec5d80e0a"

[[projects]]
  name = "github.com/golang/protobuf"
  packages = ["proto"]
  revision = "aa810b61a9c79d51363740d207bb46cf8e620ed5"
  version = "v1.2.0"

[[projects]]
  branch = "master"
  name = "golang.org/x/net"
  packages = [
    "context",
    "context/ctxhttp"
  ]
  revision = "351d144fa1fc0bd934e2408202be0c29f25e35a0"

[[projects]]
  branch = "master"
  name = "golang.org/x/oauth2"
  packages = [
    ".",
    "google",
    "internal",
    "jws",
    "jwt"
  ]
  revision = "d668ce993890a79bda886613ee587a69dd5da7a6"

[[projects]]
  branch = "master"
  name = "golang.org/x/tools"
  packages = [
    "cmd/goimports",
    "go/ast/astutil",
    "go/gcexportdata",
    "go/internal/gcimporter",
    "go/types/typeutil",
    "imports",
    "internal/fastwalk",
    "internal/gopathwalk"
  ]
  revision = "e5f3ab76ea4b26ebea349e4994ee72d38250c9b0"

[[projects]]
  branch = "master"
  name = "google.golang.org/api"
  packages = [
    "compute/v1",
    "gensupport",
    "googleapi",
    "googleapi/internal/uritemplates"
  ]
  revision = "6142e720c068c6cd71f2258e007ff1991572e1d5"

[[projects]]
  name = "google.golang.org/appengine"
  packages = [
    ".",
    "internal",
    "internal/app_identity",
    "internal/base",
    "internal/datastore",
    "internal/log",
    "internal/modules",
    "internal/remote_api",
    "internal/urlfetch",
    "urlfetch"
  ]
  revision = "4a4468ece617fc8205e99368fa2200e9d1fad421"
  version = "v1.3.0"

[solve-meta]
  analyzer-name = "dep"
  analyzer-version = 1
  inputs-digest = "605bf7fb23dea6c1777308992777a4474d8992f71ca3e0c6d02884bd0895aab6"
  solver-name = "gps-cdcl"
  solver-version = 1
